// !$*UTF8*$!
{
	archiveVersion = 1;
	classes = {
	};
	objectVersion = 46;
	objects = {

/* Begin PBXBuildFile section */
		B680AEEF188CDAC200ED5BA0 /* Foundation.framework in Frameworks */ = {isa = PBXBuildFile; fileRef = B680AEEE188CDAC200ED5BA0 /* Foundation.framework */; };
		B680AEF1188CDAC200ED5BA0 /* CoreGraphics.framework in Frameworks */ = {isa = PBXBuildFile; fileRef = B680AEF0188CDAC200ED5BA0 /* CoreGraphics.framework */; };
		B680AEF3188CDAC200ED5BA0 /* UIKit.framework in Frameworks */ = {isa = PBXBuildFile; fileRef = B680AEF2188CDAC200ED5BA0 /* UIKit.framework */; };
		B680AEF9188CDAC200ED5BA0 /* InfoPlist.strings in Resources */ = {isa = PBXBuildFile; fileRef = B680AEF7188CDAC200ED5BA0 /* InfoPlist.strings */; };
		B680AEFB188CDAC200ED5BA0 /* main.m in Sources */ = {isa = PBXBuildFile; fileRef = B680AEFA188CDAC200ED5BA0 /* main.m */; };
		B680AEFF188CDAC200ED5BA0 /* ACNAppDelegate.m in Sources */ = {isa = PBXBuildFile; fileRef = B680AEFE188CDAC200ED5BA0 /* ACNAppDelegate.m */; };
		B680AF02188CDAC200ED5BA0 /* Main.storyboard in Resources */ = {isa = PBXBuildFile; fileRef = B680AF00188CDAC200ED5BA0 /* Main.storyboard */; };
		B680AF05188CDAC200ED5BA0 /* ACNViewController.m in Sources */ = {isa = PBXBuildFile; fileRef = B680AF04188CDAC200ED5BA0 /* ACNViewController.m */; };
		B680AF07188CDAC200ED5BA0 /* Images.xcassets in Resources */ = {isa = PBXBuildFile; fileRef = B680AF06188CDAC200ED5BA0 /* Images.xcassets */; };
		B680AF0D188CDAC200ED5BA0 /* XCTest.framework in Frameworks */ = {isa = PBXBuildFile; fileRef = B680AF0C188CDAC200ED5BA0 /* XCTest.framework */; };
		B680AF0E188CDAC200ED5BA0 /* Foundation.framework in Frameworks */ = {isa = PBXBuildFile; fileRef = B680AEEE188CDAC200ED5BA0 /* Foundation.framework */; };
		B680AF0F188CDAC200ED5BA0 /* UIKit.framework in Frameworks */ = {isa = PBXBuildFile; fileRef = B680AEF2188CDAC200ED5BA0 /* UIKit.framework */; };
		B680AF17188CDAC200ED5BA0 /* InfoPlist.strings in Resources */ = {isa = PBXBuildFile; fileRef = B680AF15188CDAC200ED5BA0 /* InfoPlist.strings */; };
		B680AF19188CDAC200ED5BA0 /* GitUseExampleTests.m in Sources */ = {isa = PBXBuildFile; fileRef = B680AF18188CDAC200ED5BA0 /* GitUseExampleTests.m */; };
/* End PBXBuildFile section */

/* Begin PBXContainerItemProxy section */
		B680AF10188CDAC200ED5BA0 /* PBXContainerItemProxy */ = {
			isa = PBXContainerItemProxy;
			containerPortal = B680AEE3188CDAC200ED5BA0 /* Project object */;
			proxyType = 1;
			remoteGlobalIDString = B680AEEA188CDAC200ED5BA0;
			remoteInfo = GitUseExample;
		};
/* End PBXContainerItemProxy section */

/* Begin PBXFileReference section */
		B680AEEB188CDAC200ED5BA0 /* GitUseExample.app */ = {isa = PBXFileReference; explicitFileType = wrapper.application; includeInIndex = 0; path = GitUseExample.app; sourceTree = BUILT_PRODUCTS_DIR; };
		B680AEEE188CDAC200ED5BA0 /* Foundation.framework */ = {isa = PBXFileReference; lastKnownFileType = wrapper.framework; name = Foundation.framework; path = System/Library/Frameworks/Foundation.framework; sourceTree = SDKROOT; };
		B680AEF0188CDAC200ED5BA0 /* CoreGraphics.framework */ = {isa = PBXFileReference; lastKnownFileType = wrapper.framework; name = CoreGraphics.framework; path = System/Library/Frameworks/CoreGraphics.framework; sourceTree = SDKROOT; };
		B680AEF2188CDAC200ED5BA0 /* UIKit.framework */ = {isa = PBXFileReference; lastKnownFileType = wrapper.framework; name = UIKit.framework; path = System/Library/Frameworks/UIKit.framework; sourceTree = SDKROOT; };
		B680AEF6188CDAC200ED5BA0 /* GitUseExample-Info.plist */ = {isa = PBXFileReference; lastKnownFileType = text.plist.xml; path = "GitUseExample-Info.plist"; sourceTree = "<group>"; };
		B680AEF8188CDAC200ED5BA0 /* en */ = {isa = PBXFileReference; lastKnownFileType = text.plist.strings; name = en; path = en.lproj/InfoPlist.strings; sourceTree = "<group>"; };
		B680AEFA188CDAC200ED5BA0 /* main.m */ = {isa = PBXFileReference; lastKnownFileType = sourcecode.c.objc; path = main.m; sourceTree = "<group>"; };
		B680AEFC188CDAC200ED5BA0 /* GitUseExample-Prefix.pch */ = {isa = PBXFileReference; lastKnownFileType = sourcecode.c.h; path = "GitUseExample-Prefix.pch"; sourceTree = "<group>"; };
		B680AEFD188CDAC200ED5BA0 /* ACNAppDelegate.h */ = {isa = PBXFileReference; lastKnownFileType = sourcecode.c.h; path = ACNAppDelegate.h; sourceTree = "<group>"; };
		B680AEFE188CDAC200ED5BA0 /* ACNAppDelegate.m */ = {isa = PBXFileReference; lastKnownFileType = sourcecode.c.objc; path = ACNAppDelegate.m; sourceTree = "<group>"; };
		B680AF01188CDAC200ED5BA0 /* Base */ = {isa = PBXFileReference; lastKnownFileType = file.storyboard; name = Base; path = Base.lproj/Main.storyboard; sourceTree = "<group>"; };
		B680AF03188CDAC200ED5BA0 /* ACNViewController.h */ = {isa = PBXFileReference; lastKnownFileType = sourcecode.c.h; path = ACNViewController.h; sourceTree = "<group>"; };
		B680AF04188CDAC200ED5BA0 /* ACNViewController.m */ = {isa = PBXFileReference; lastKnownFileType = sourcecode.c.objc; path = ACNViewController.m; sourceTree = "<group>"; };
		B680AF06188CDAC200ED5BA0 /* Images.xcassets */ = {isa = PBXFileReference; lastKnownFileType = folder.assetcatalog; path = Images.xcassets; sourceTree = "<group>"; };
		B680AF0C188CDAC200ED5BA0 /* XCTest.framework */ = {isa = PBXFileReference; lastKnownFileType = wrapper.framework; name = XCTest.framework; path = Library/Frameworks/XCTest.framework; sourceTree = DEVELOPER_DIR; };
		B680AF14188CDAC200ED5BA0 /* GitUseExampleTests-Info.plist */ = {isa = PBXFileReference; lastKnownFileType = text.plist.xml; path = "GitUseExampleTests-Info.plist"; sourceTree = "<group>"; };
		B680AF16188CDAC200ED5BA0 /* en */ = {isa = PBXFileReference; lastKnownFileType = text.plist.strings; name = en; path = en.lproj/InfoPlist.strings; sourceTree = "<group>"; };
		B680AF18188CDAC200ED5BA0 /* GitUseExampleTests.m */ = {isa = PBXFileReference; lastKnownFileType = sourcecode.c.objc; path = GitUseExampleTests.m; sourceTree = "<group>"; };
/* End PBXFileReference section */

/* Begin PBXFrameworksBuildPhase section */
		B680AEE8188CDAC200ED5BA0 /* Frameworks */ = {
			isa = PBXFrameworksBuildPhase;
			buildActionMask = 2147483647;
			files = (
				B680AEF1188CDAC200ED5BA0 /* CoreGraphics.framework in Frameworks */,
				B680AEF3188CDAC200ED5BA0 /* UIKit.framework in Frameworks */,
				B680AEEF188CDAC200ED5BA0 /* Foundation.framework in Frameworks */,
			);
			runOnlyForDeploymentPostprocessing = 0;
		};
		B680AF09188CDAC200ED5BA0 /* Frameworks */ = {
			isa = PBXFrameworksBuildPhase;
			buildActionMask = 2147483647;
			files = (
				B680AF0D188CDAC200ED5BA0 /* XCTest.framework in Frameworks */,
				B680AF0F188CDAC200ED5BA0 /* UIKit.framework in Frameworks */,
				B680AF0E188CDAC200ED5BA0 /* Foundation.framework in Frameworks */,
			);
			runOnlyForDeploymentPostprocessing = 0;
		};
/* End PBXFrameworksBuildPhase section */

/* Begin PBXGroup section */
		B680AEE2188CDAC200ED5BA0 = {
			isa = PBXGroup;
			children = (
				B680AEF4188CDAC200ED5BA0 /* GitUseExample */,
				B680AF12188CDAC200ED5BA0 /* GitUseExampleTests */,
				B680AEED188CDAC200ED5BA0 /* Frameworks */,
				B680AEEC188CDAC200ED5BA0 /* Products */,
			);
			sourceTree = "<group>";
		};
		B680AEEC188CDAC200ED5BA0 /* Products */ = {
			isa = PBXGroup;
			children = (
				B680AEEB188CDAC200ED5BA0 /* GitUseExample.app */,
			);
			name = Products;
			sourceTree = "<group>";
		};
		B680AEED188CDAC200ED5BA0 /* Frameworks */ = {
			isa = PBXGroup;
			children = (
				B680AEEE188CDAC200ED5BA0 /* Foundation.framework */,
				B680AEF0188CDAC200ED5BA0 /* CoreGraphics.framework */,
				B680AEF2188CDAC200ED5BA0 /* UIKit.framework */,
				B680AF0C188CDAC200ED5BA0 /* XCTest.framework */,
			);
			name = Frameworks;
			sourceTree = "<group>";
		};
		B680AEF4188CDAC200ED5BA0 /* GitUseExample */ = {
			isa = PBXGroup;
			children = (
				B680AEFD188CDAC200ED5BA0 /* ACNAppDelegate.h */,
				B680AEFE188CDAC200ED5BA0 /* ACNAppDelegate.m */,
				B680AF00188CDAC200ED5BA0 /* Main.storyboard */,
				B680AF03188CDAC200ED5BA0 /* ACNViewController.h */,
				B680AF04188CDAC200ED5BA0 /* ACNViewController.m */,
				B680AF06188CDAC200ED5BA0 /* Images.xcassets */,
				B680AEF5188CDAC200ED5BA0 /* Supporting Files */,
			);
			path = GitUseExample;
			sourceTree = "<group>";
		};
		B680AEF5188CDAC200ED5BA0 /* Supporting Files */ = {
			isa = PBXGroup;
			children = (
				B680AEF6188CDAC200ED5BA0 /* GitUseExample-Info.plist */,
				B680AEF7188CDAC200ED5BA0 /* InfoPlist.strings */,
				B680AEFA188CDAC200ED5BA0 /* main.m */,
				B680AEFC188CDAC200ED5BA0 /* GitUseExample-Prefix.pch */,
			);
			name = "Supporting Files";
			sourceTree = "<group>";
		};
		B680AF12188CDAC200ED5BA0 /* GitUseExampleTests */ = {
			isa = PBXGroup;
			children = (
				B680AF18188CDAC200ED5BA0 /* GitUseExampleTests.m */,
				B680AF13188CDAC200ED5BA0 /* Supporting Files */,
			);
			path = GitUseExampleTests;
			sourceTree = "<group>";
		};
		B680AF13188CDAC200ED5BA0 /* Supporting Files */ = {
			isa = PBXGroup;
			children = (
				B680AF14188CDAC200ED5BA0 /* GitUseExampleTests-Info.plist */,
				B680AF15188CDAC200ED5BA0 /* InfoPlist.strings */,
			);
			name = "Supporting Files";
			sourceTree = "<group>";
		};
/* End PBXGroup section */

/* Begin PBXNativeTarget section */
		B680AEEA188CDAC200ED5BA0 /* GitUseExample */ = {
			isa = PBXNativeTarget;
			buildConfigurationList = B680AF1C188CDAC200ED5BA0 /* Build configuration list for PBXNativeTarget "GitUseExample" */;
			buildPhases = (
				B680AEE7188CDAC200ED5BA0 /* Sources */,
				B680AEE8188CDAC200ED5BA0 /* Frameworks */,
				B680AEE9188CDAC200ED5BA0 /* Resources */,
			);
			buildRules = (
			);
			dependencies = (
			);
			name = GitUseExample;
			productName = GitUseExample;
			productReference = B680AEEB188CDAC200ED5BA0 /* GitUseExample.app */;
			productType = "com.apple.product-type.application";
		};
		B680AF0B188CDAC200ED5BA0 /* GitUseExampleTests */ = {
			isa = PBXNativeTarget;
			buildConfigurationList = B680AF1F188CDAC200ED5BA0 /* Build configuration list for PBXNativeTarget "GitUseExampleTests" */;
			buildPhases = (
				B680AF08188CDAC200ED5BA0 /* Sources */,
				B680AF09188CDAC200ED5BA0 /* Frameworks */,
				B680AF0A188CDAC200ED5BA0 /* Resources */,
			);
			buildRules = (
			);
			dependencies = (
				B680AF11188CDAC200ED5BA0 /* PBXTargetDependency */,
			);
			name = GitUseExampleTests;
			productName = GitUseExampleTests;
			productType = "com.apple.product-type.bundle.unit-test";
		};
/* End PBXNativeTarget section */

/* Begin PBXProject section */
		B680AEE3188CDAC200ED5BA0 /* Project object */ = {
			isa = PBXProject;
			attributes = {
				CLASSPREFIX = ACN;
				LastUpgradeCheck = 0500;
				ORGANIZATIONNAME = pradeep.kumar.misra;
				TargetAttributes = {
					B680AF0B188CDAC200ED5BA0 = {
						TestTargetID = B680AEEA188CDAC200ED5BA0;
					};
				};
			};
			buildConfigurationList = B680AEE6188CDAC200ED5BA0 /* Build configuration list for PBXProject "GitUseExample" */;
			compatibilityVersion = "Xcode 3.2";
			developmentRegion = English;
			hasScannedForEncodings = 0;
			knownRegions = (
				en,
				Base,
			);
			mainGroup = B680AEE2188CDAC200ED5BA0;
			productRefGroup = B680AEEC188CDAC200ED5BA0 /* Products */;
			projectDirPath = "";
			projectRoot = "";
			targets = (
				B680AEEA188CDAC200ED5BA0 /* GitUseExample */,
				B680AF0B188CDAC200ED5BA0 /* GitUseExampleTests */,
			);
		};
/* End PBXProject section */

/* Begin PBXResourcesBuildPhase section */
		B680AEE9188CDAC200ED5BA0 /* Resources */ = {
			isa = PBXResourcesBuildPhase;
			buildActionMask = 2147483647;
			files = (
				B680AF07188CDAC200ED5BA0 /* Images.xcassets in Resources */,
				B680AEF9188CDAC200ED5BA0 /* InfoPlist.strings in Resources */,
				B680AF02188CDAC200ED5BA0 /* Main.storyboard in Resources */,
			);
			runOnlyForDeploymentPostprocessing = 0;
		};
		B680AF0A188CDAC200ED5BA0 /* Resources */ = {
			isa = PBXResourcesBuildPhase;
			buildActionMask = 2147483647;
			files = (
				B680AF17188CDAC200ED5BA0 /* InfoPlist.strings in Resources */,
			);
			runOnlyForDeploymentPostprocessing = 0;
		};
/* End PBXResourcesBuildPhase section */

/* Begin PBXSourcesBuildPhase section */
		B680AEE7188CDAC200ED5BA0 /* Sources */ = {
			isa = PBXSourcesBuildPhase;
			buildActionMask = 2147483647;
			files = (
				B680AEFB188CDAC200ED5BA0 /* main.m in Sources */,
				B680AEFF188CDAC200ED5BA0 /* ACNAppDelegate.m in Sources */,
				B680AF05188CDAC200ED5BA0 /* ACNViewController.m in Sources */,
			);
			runOnlyForDeploymentPostprocessing = 0;
		};
		B680AF08188CDAC200ED5BA0 /* Sources */ = {
			isa = PBXSourcesBuildPhase;
			buildActionMask = 2147483647;
			files = (
				B680AF19188CDAC200ED5BA0 /* GitUseExampleTests.m in Sources */,
			);
			runOnlyForDeploymentPostprocessing = 0;
		};
/* End PBXSourcesBuildPhase section */

/* Begin PBXTargetDependency section */
		B680AF11188CDAC200ED5BA0 /* PBXTargetDependency */ = {
			isa = PBXTargetDependency;
			target = B680AEEA188CDAC200ED5BA0 /* GitUseExample */;
			targetProxy = B680AF10188CDAC200ED5BA0 /* PBXContainerItemProxy */;
		};
/* End PBXTargetDependency section */

/* Begin PBXVariantGroup section */
		B680AEF7188CDAC200ED5BA0 /* InfoPlist.strings */ = {
			isa = PBXVariantGroup;
			children = (
				B680AEF8188CDAC200ED5BA0 /* en */,
			);
			name = InfoPlist.strings;
			sourceTree = "<group>";
		};
		B680AF00188CDAC200ED5BA0 /* Main.storyboard */ = {
			isa = PBXVariantGroup;
			children = (
				B680AF01188CDAC200ED5BA0 /* Base */,
			);
			name = Main.storyboard;
			sourceTree = "<group>";
		};
		B680AF15188CDAC200ED5BA0 /* InfoPlist.strings */ = {
			isa = PBXVariantGroup;
			children = (
				B680AF16188CDAC200ED5BA0 /* en */,
			);
			name = InfoPlist.strings;
			sourceTree = "<group>";
		};
/* End PBXVariantGroup section */

/* Begin XCBuildConfiguration section */
		B680AF1A188CDAC200ED5BA0 /* Debug */ = {
			isa = XCBuildConfiguration;
			buildSettings = {
				ALWAYS_SEARCH_USER_PATHS = NO;
				ARCHS = "$(ARCHS_STANDARD_INCLUDING_64_BIT)";
				CLANG_CXX_LANGUAGE_STANDARD = "gnu++0x";
				CLANG_CXX_LIBRARY = "libc++";
				CLANG_ENABLE_MODULES = YES;
				CLANG_ENABLE_OBJC_ARC = YES;
				CLANG_WARN_BOOL_CONVERSION = YES;
				CLANG_WARN_CONSTANT_CONVERSION = YES;
				CLANG_WARN_DIRECT_OBJC_ISA_USAGE = YES_ERROR;
				CLANG_WARN_EMPTY_BODY = YES;
				CLANG_WARN_ENUM_CONVERSION = YES;
				CLANG_WARN_INT_CONVERSION = YES;
				CLANG_WARN_OBJC_ROOT_CLASS = YES_ERROR;
				CLANG_WARN__DUPLICATE_METHOD_MATCH = YES;
				"CODE_SIGN_IDENTITY[sdk=iphoneos*]" = "iPhone Developer";
				COPY_PHASE_STRIP = NO;
				GCC_C_LANGUAGE_STANDARD = gnu99;
				GCC_DYNAMIC_NO_PIC = NO;
				GCC_OPTIMIZATION_LEVEL = 0;
				GCC_PREPROCESSOR_DEFINITIONS = (
					"DEBUG=1",
					"$(inherited)",
				);
				GCC_SYMBOLS_PRIVATE_EXTERN = NO;
				GCC_WARN_64_TO_32_BIT_CONVERSION = YES;
				GCC_WARN_ABOUT_RETURN_TYPE = YES_ERROR;
				GCC_WARN_UNDECLARED_SELECTOR = YES;
				GCC_WARN_UNINITIALIZED_AUTOS = YES;
				GCC_WARN_UNUSED_FUNCTION = YES;
				GCC_WARN_UNUSED_VARIABLE = YES;
				IPHONEOS_DEPLOYMENT_TARGET = 7.0;
				ONLY_ACTIVE_ARCH = YES;
				SDKROOT = iphoneos;
			};
			name = Debug;
		};
		B680AF1B188CDAC200ED5BA0 /* Release */ = {
			isa = XCBuildConfiguration;
			buildSettings = {
				ALWAYS_SEARCH_USER_PATHS = NO;
				ARCHS = "$(ARCHS_STANDARD_INCLUDING_64_BIT)";
				CLANG_CXX_LANGUAGE_STANDARD = "gnu++0x";
				CLANG_CXX_LIBRARY = "libc++";
				CLANG_ENABLE_MODULES = YES;
				CLANG_ENABLE_OBJC_ARC = YES;
				CLANG_WARN_BOOL_CONVERSION = YES;
				CLANG_WARN_CONSTANT_CONVERSION = YES;
				CLANG_WARN_DIRECT_OBJC_ISA_USAGE = YES_ERROR;
				CLANG_WARN_EMPTY_BODY = YES;
				CLANG_WARN_ENUM_CONVERSION = YES;
				CLANG_WARN_INT_CONVERSION = YES;
				CLANG_WARN_OBJC_ROOT_CLASS = YES_ERROR;
				CLANG_WARN__DUPLICATE_METHOD_MATCH = YES;
				"CODE_SIGN_IDENTITY[sdk=iphoneos*]" = "iPhone Developer";
				COPY_PHASE_STRIP = YES;
				ENABLE_NS_ASSERTIONS = NO;
				GCC_C_LANGUAGE_STANDARD = gnu99;
				GCC_WARN_64_TO_32_BIT_CONVERSION = YES;
				GCC_WARN_ABOUT_RETURN_TYPE = YES_ERROR;
				GCC_WARN_UNDECLARED_SELECTOR = YES;
				GCC_WARN_UNINITIALIZED_AUTOS = YES;
				GCC_WARN_UNUSED_FUNCTION = YES;
				GCC_WARN_UNUSED_VARIABLE = YES;
				IPHONEOS_DEPLOYMENT_TARGET = 7.0;
				SDKROOT = iphoneos;
				VALIDATE_PRODUCT = YES;
			};
			name = Release;
		};
		B680AF1D188CDAC200ED5BA0 /* Debug */ = {
			isa = XCBuildConfiguration;
			buildSettings = {
				ASSETCATALOG_COMPILER_APPICON_NAME = AppIcon;
				ASSETCATALOG_COMPILER_LAUNCHIMAGE_NAME = LaunchImage;
				GCC_PRECOMPILE_PREFIX_HEADER = YES;
				GCC_PREFIX_HEADER = "GitUseExample/GitUseExample-Prefix.pch";
				INFOPLIST_FILE = "GitUseExample/GitUseExample-Info.plist";
				PRODUCT_NAME = "$(TARGET_NAME)";
				WRAPPER_EXTENSION = app;
			};
			name = Debug;
		};
		B680AF1E188CDAC200ED5BA0 /* Release */ = {
			isa = XCBuildConfiguration;
			buildSettings = {
				ASSETCATALOG_COMPILER_APPICON_NAME = AppIcon;
				ASSETCATALOG_COMPILER_LAUNCHIMAGE_NAME = LaunchImage;
				GCC_PRECOMPILE_PREFIX_HEADER = YES;
				GCC_PREFIX_HEADER = "GitUseExample/GitUseExample-Prefix.pch";
				INFOPLIST_FILE = "GitUseExample/GitUseExample-Info.plist";
				PRODUCT_NAME = "$(TARGET_NAME)";
				WRAPPER_EXTENSION = app;
			};
			name = Release;
		};
		B680AF20188CDAC200ED5BA0 /* Debug */ = {
			isa = XCBuildConfiguration;
			buildSettings = {
				ARCHS = "$(ARCHS_STANDARD_INCLUDING_64_BIT)";
				BUNDLE_LOADER = "$(BUILT_PRODUCTS_DIR)/GitUseExample.app/GitUseExample";
				FRAMEWORK_SEARCH_PATHS = (
					"$(SDKROOT)/Developer/Library/Frameworks",
					"$(inherited)",
					"$(DEVELOPER_FRAMEWORKS_DIR)",
				);
				GCC_PRECOMPILE_PREFIX_HEADER = YES;
				GCC_PREFIX_HEADER = "GitUseExample/GitUseExample-Prefix.pch";
				GCC_PREPROCESSOR_DEFINITIONS = (
					"DEBUG=1",
					"$(inherited)",
				);
				INFOPLIST_FILE = "GitUseExampleTests/GitUseExampleTests-Info.plist";
				PRODUCT_NAME = "$(TARGET_NAME)";
				TEST_HOST = "$(BUNDLE_LOADER)";
				WRAPPER_EXTENSION = xctest;
			};
			name = Debug;
		};
		B680AF21188CDAC200ED5BA0 /* Release */ = {
			isa = XCBuildConfiguration;
			buildSettings = {
				ARCHS = "$(ARCHS_STANDARD_INCLUDING_64_BIT)";
				BUNDLE_LOADER = "$(BUILT_PRODUCTS_DIR)/GitUseExample.app/GitUseExample";
				FRAMEWORK_SEARCH_PATHS = (
					"$(SDKROOT)/Developer/Library/Frameworks",
					"$(inherited)",
					"$(DEVELOPER_FRAMEWORKS_DIR)",
				);
				GCC_PRECOMPILE_PREFIX_HEADER = YES;
				GCC_PREFIX_HEADER = "GitUseExample/GitUseExample-Prefix.pch";
				INFOPLIST_FILE = "GitUseExampleTests/GitUseExampleTests-Info.plist";
				PRODUCT_NAME = "$(TARGET_NAME)";
				TEST_HOST = "$(BUNDLE_LOADER)";
				WRAPPER_EXTENSION = xctest;
			};
			name = Release;
		};
/* End XCBuildConfiguration section */

/* Begin XCConfigurationList section */
		B680AEE6188CDAC200ED5BA0 /* Build configuration list for PBXProject "GitUseExample" */ = {
			isa = XCConfigurationList;
			buildConfigurations = (
				B680AF1A188CDAC200ED5BA0 /* Debug */,
				B680AF1B188CDAC200ED5BA0 /* Release */,
			);
			defaultConfigurationIsVisible = 0;
			defaultConfigurationName = Release;
		};
		B680AF1C188CDAC200ED5BA0 /* Build configuration list for PBXNativeTarget "GitUseExample" */ = {
			isa = XCConfigurationList;
			buildConfigurations = (
				B680AF1D188CDAC200ED5BA0 /* Debug */,
				B680AF1E188CDAC200ED5BA0 /* Release */,
			);
			defaultConfigurationIsVisible = 0;
			defaultConfigurationName = Release;
		};
		B680AF1F188CDAC200ED5BA0 /* Build configuration list for PBXNativeTarget "GitUseExampleTests" */ = {
			isa = XCConfigurationList;
			buildConfigurations = (
				B680AF20188CDAC200ED5BA0 /* Debug */,
				B680AF21188CDAC200ED5BA0 /* Release */,
			);
			defaultConfigurationIsVisible = 0;
			defaultConfigurationName = Release;
		};
/* End XCConfigurationList section */
	};
	rootObject = B680AEE3188CDAC200ED5BA0 /* Project object */;
}
